
Microsoft Visual Studio Solution File, Format Version 12.00
# Visual Studio 15
VisualStudioVersion = 15.0.28010.2019
MinimumVisualStudioVersion = 10.0.40219.1
Project("{FAE04EC0-301F-11D3-BF4B-00C04F79EFBC}") = "GameUlearn", "GameUlearn.csproj", "{5777F518-DAD8-4C93-92DA-F6E101CCCC51}"
EndProject
Project("{FAE04EC0-301F-11D3-BF4B-00C04F79EFBC}") = "ZombieShooterTests", "..\ZombieShooterTests\ZombieShooterTests.csproj", "{D220550E-57F6-4B8D-851E-415906F86B8F}"
EndProject
Global
	GlobalSection(SolutionConfigurationPlatforms) = preSolution
		Debug|Any CPU = Debug|Any CPU
		Release|Any CPU = Release|Any CPU
	EndGlobalSection
	GlobalSection(ProjectConfigurationPlatforms) = postSolution
		{5777F518-DAD8-4C93-92DA-F6E101CCCC51}.Debug|Any CPU.ActiveCfg = Debug|Any CPU
		{5777F518-DAD8-4C93-92DA-F6E101CCCC51}.Debug|Any CPU.Build.0 = Debug|Any CPU
		{5777F518-DAD8-4C93-92DA-F6E101CCCC51}.Release|Any CPU.ActiveCfg = Release|Any CPU
		{5777F518-DAD8-4C93-92DA-F6E101CCCC51}.Release|Any CPU.Build.0 = Release|Any CPU
		{D220550E-57F6-4B8D-851E-415906F86B8F}.Debug|Any CPU.ActiveCfg = Debug|Any CPU
		{D220550E-57F6-4B8D-851E-415906F86B8F}.Debug|Any CPU.Build.0 = Debug|Any CPU
		{D220550E-57F6-4B8D-851E-415906F86B8F}.Release|Any CPU.ActiveCfg = Release|Any CPU
		{D220550E-57F6-4B8D-851E-415906F86B8F}.Release|Any CPU.Build.0 = Release|Any CPU
	EndGlobalSection
	GlobalSection(SolutionProperties) = preSolution
		HideSolutionNode = FALSE
	EndGlobalSection
	GlobalSection(ExtensibilityGlobals) = postSolution
		SolutionGuid = {DE8007F0-807D-4467-BAC3-F64F09C3969C}
	EndGlobalSection
EndGlobal
